
Microsoft Visual Studio Solution File, Format Version 12.00
# Visual Studio 2010
Project("{FAE04EC0-301F-11D3-BF4B-00C04F79EFBC}") = "SimpleCameraApp", "SimpleCameraApp\SimpleCameraApp.csproj", "{5CB5DCA3-66A9-4338-80FB-3AABF6FCAE3A}"
EndProject
Global
	GlobalSection(SolutionConfigurationPlatforms) = preSolution
		Debug|iPhoneSimulator = Debug|iPhoneSimulator
		Release|iPhoneSimulator = Release|iPhoneSimulator
		Debug|iPhone = Debug|iPhone
		Release|iPhone = Release|iPhone
		Ad-Hoc|iPhone = Ad-Hoc|iPhone
		AppStore|iPhone = AppStore|iPhone
	EndGlobalSection
	GlobalSection(ProjectConfigurationPlatforms) = postSolution
		{5CB5DCA3-66A9-4338-80FB-3AABF6FCAE3A}.Ad-Hoc|iPhone.ActiveCfg = Ad-Hoc|iPhone
		{5CB5DCA3-66A9-4338-80FB-3AABF6FCAE3A}.Ad-Hoc|iPhone.Build.0 = Ad-Hoc|iPhone
		{5CB5DCA3-66A9-4338-80FB-3AABF6FCAE3A}.AppStore|iPhone.ActiveCfg = AppStore|iPhone
		{5CB5DCA3-66A9-4338-80FB-3AABF6FCAE3A}.AppStore|iPhone.Build.0 = AppStore|iPhone
		{5CB5DCA3-66A9-4338-80FB-3AABF6FCAE3A}.Debug|iPhone.ActiveCfg = Debug|iPhone
		{5CB5DCA3-66A9-4338-80FB-3AABF6FCAE3A}.Debug|iPhone.Build.0 = Debug|iPhone
		{5CB5DCA3-66A9-4338-80FB-3AABF6FCAE3A}.Debug|iPhoneSimulator.ActiveCfg = Debug|iPhoneSimulator
		{5CB5DCA3-66A9-4338-80FB-3AABF6FCAE3A}.Debug|iPhoneSimulator.Build.0 = Debug|iPhoneSimulator
		{5CB5DCA3-66A9-4338-80FB-3AABF6FCAE3A}.Release|iPhone.ActiveCfg = Release|iPhone
		{5CB5DCA3-66A9-4338-80FB-3AABF6FCAE3A}.Release|iPhone.Build.0 = Release|iPhone
		{5CB5DCA3-66A9-4338-80FB-3AABF6FCAE3A}.Release|iPhoneSimulator.ActiveCfg = Release|iPhoneSimulator
		{5CB5DCA3-66A9-4338-80FB-3AABF6FCAE3A}.Release|iPhoneSimulator.Build.0 = Release|iPhoneSimulator
	EndGlobalSection
	GlobalSection(MonoDevelopProperties) = preSolution
		StartupItem = SimpleCameraApp\SimpleCameraApp.csproj
	EndGlobalSection
EndGlobal
